
Microsoft Visual Studio Solution File, Format Version 11.00
# Visual Studio 2010
Project("{2150E333-8FDC-42A3-9474-1A3956D46DE8}") = "Solution Items", "Solution Items", "{BEEE0CA2-BD90-449B-9301-B22ADFCA644A}"
	ProjectSection(SolutionItems) = preProject
		addMySqlLog.txt = addMySqlLog.txt
		addSqliteLog.txt = addSqliteLog.txt
		BulkCopy.txt = BulkCopy.txt
		Design.txt = Design.txt
		DevelopTrack.txt = DevelopTrack.txt
		IniScript_Oracle.txt = IniScript_Oracle.txt
		IniScript_SqlServer.txt = IniScript_SqlServer.txt
		Readme.txt = Readme.txt
		Tools.txt = Tools.txt
	EndProjectSection
EndProject
Project("{FAE04EC0-301F-11D3-BF4B-00C04F79EFBC}") = "MB.Util", "MB.Util\MB.Util.csproj", "{C69057E7-BEF9-4618-8FAA-B9E9D6B069B0}"
EndProject
Project("{FAE04EC0-301F-11D3-BF4B-00C04F79EFBC}") = "MB.Aop", "MB.AOP\MB.Aop.csproj", "{E2BCA5C3-C382-4955-8C82-8C492DBE5D81}"
EndProject
Project("{FAE04EC0-301F-11D3-BF4B-00C04F79EFBC}") = "MB.Orm", "MB.ORM\MB.Orm.csproj", "{FE88EAB8-F521-4407-9CCF-352FA11E8DFE}"
EndProject
Project("{FAE04EC0-301F-11D3-BF4B-00C04F79EFBC}") = "MB.Localization", "MB.Localization\MB.Localization.csproj", "{8774D674-2628-4033-B419-A2FD22EE89B7}"
EndProject
Project("{FAE04EC0-301F-11D3-BF4B-00C04F79EFBC}") = "MB.RuleBase", "MB.RuleBase\MB.RuleBase.csproj", "{BDD9AC94-DE17-423A-B8B5-20E4F2276A96}"
EndProject
Project("{FAE04EC0-301F-11D3-BF4B-00C04F79EFBC}") = "MB.WcfServiceLocator", "MB.WcfServiceLocator\MB.WcfServiceLocator.csproj", "{81FE14D0-DA11-472F-AAE6-489A4239A9B9}"
EndProject
Project("{FAE04EC0-301F-11D3-BF4B-00C04F79EFBC}") = "MB.WinBase", "MB.WinBase\MB.WinBase.csproj", "{136BE8E8-38D6-42AA-8127-D38609758A0B}"
EndProject
Project("{FAE04EC0-301F-11D3-BF4B-00C04F79EFBC}") = "WinTestProject", "WinTestProject\WinTestProject.csproj", "{8F5D42A6-5E4E-4322-9DD8-CC367952F47B}"
EndProject
Project("{FAE04EC0-301F-11D3-BF4B-00C04F79EFBC}") = "MB.WcfService", "MB.WcfService\MB.WcfService.csproj", "{47C942CD-B0DC-4341-9618-87184DAC570C}"
EndProject
Project("{FAE04EC0-301F-11D3-BF4B-00C04F79EFBC}") = "MB.GZipEncoder", "MB.GZipEncoder\MB.GZipEncoder.csproj", "{95A17FA0-73CE-4CDF-92D1-D86AAEBCB8C8}"
EndProject
Project("{FAE04EC0-301F-11D3-BF4B-00C04F79EFBC}") = "MB.XWinLib", "MB.WinDevexpressEx\MB.XWinLib.csproj", "{240CAE7B-156E-43F4-BE31-396570725F00}"
EndProject
Project("{FAE04EC0-301F-11D3-BF4B-00C04F79EFBC}") = "MB.WinClientDefault", "MB.WinClientDefault\MB.WinClientDefault.csproj", "{27A7888C-BC3D-4D89-888A-33FB898DAA2B}"
EndProject
Project("{FAE04EC0-301F-11D3-BF4B-00C04F79EFBC}") = "MB.WinEIDrive", "MB.WinEIDrive\MB.WinEIDrive.csproj", "{8B0A81C0-617B-44BC-8D84-6DF96D89094D}"
EndProject
Project("{FAE04EC0-301F-11D3-BF4B-00C04F79EFBC}") = "MB.VersionUpdate", "MB.VersionUpdate\MB.VersionUpdate.csproj", "{50D3D4A1-6778-42F1-B868-CF929F698115}"
EndProject
Project("{FAE04EC0-301F-11D3-BF4B-00C04F79EFBC}") = "MB.WinChart", "MB.WinChart\MB.WinChart.csproj", "{E33F16E0-021E-40A9-84DC-2631F743EE79}"
EndProject
Project("{FAE04EC0-301F-11D3-BF4B-00C04F79EFBC}") = "MB.WinPrintReport", "MB.WinPrintReport\MB.WinPrintReport.csproj", "{07296DE9-CCDE-4497-BF02-4AFD1AC64B97}"
EndProject
Project("{FAE04EC0-301F-11D3-BF4B-00C04F79EFBC}") = "MB.Tools", "MB.Tools\MB.Tools.csproj", "{B09BA5C7-8A58-466D-8287-BE0712CEC8F6}"
EndProject
Project("{2150E333-8FDC-42A3-9474-1A3956D46DE8}") = "Common", "Common", "{EF03DF69-4424-4FFF-88B4-177CA8015E71}"
EndProject
Project("{2150E333-8FDC-42A3-9474-1A3956D46DE8}") = "Server", "Server", "{16AE13E2-AE3F-4CA6-BEF4-4274AB2E2CBC}"
EndProject
Project("{2150E333-8FDC-42A3-9474-1A3956D46DE8}") = "WinClient", "WinClient", "{7075A029-0B81-4229-8F9E-00F698B9D8A1}"
EndProject
Project("{2150E333-8FDC-42A3-9474-1A3956D46DE8}") = "Tools", "Tools", "{3BF12300-A0C4-4DD8-B8EF-582E36A4243F}"
EndProject
Project("{2150E333-8FDC-42A3-9474-1A3956D46DE8}") = "UniteTest", "UniteTest", "{88D758DE-F81C-41D2-99A2-10018B393BEC}"
EndProject
Project("{FAE04EC0-301F-11D3-BF4B-00C04F79EFBC}") = "MB.NoSql", "MB.NoSql\MB.NoSql.csproj", "{5895E74D-141F-4487-951B-A4F11DF45D34}"
EndProject
Project("{FAE04EC0-301F-11D3-BF4B-00C04F79EFBC}") = "testNoSql", "testNoSql\testNoSql.csproj", "{3B54CF99-951A-4EF6-8074-723572B6DCB5}"
EndProject
Project("{FAE04EC0-301F-11D3-BF4B-00C04F79EFBC}") = "testWpfClient", "testWpfClient\testWpfClient.csproj", "{C57FE37D-6869-4BCB-91E6-01D8F3333BC5}"
EndProject
Project("{FAE04EC0-301F-11D3-BF4B-00C04F79EFBC}") = "testUtil", "testUtil\testUtil.csproj", "{F3E331EB-F0E5-4BA4-B4EC-AA21AA6EE907}"
EndProject
Project("{FAE04EC0-301F-11D3-BF4B-00C04F79EFBC}") = "MB.Json", "MB.Json\MB.Json.csproj", "{776ECF5A-84BF-4A7B-BD74-E2C7222B944A}"
EndProject
Project("{FAE04EC0-301F-11D3-BF4B-00C04F79EFBC}") = "testCloud", "testCloud\testCloud.csproj", "{E9D5DAC1-9639-4B2C-80C3-0D7249887C88}"
EndProject
Project("{FAE04EC0-301F-11D3-BF4B-00C04F79EFBC}") = "MB.Cloud", "MB.Cloud\MB.Cloud.csproj", "{62672F93-54D5-4A66-B8F9-FA764CB1999F}"
EndProject
Project("{FAE04EC0-301F-11D3-BF4B-00C04F79EFBC}") = "TestWinEx", "TestWinEx\TestWinEx.csproj", "{18818BA7-E44E-4D5B-A7CC-37E004465BF2}"
EndProject
Project("{FAE04EC0-301F-11D3-BF4B-00C04F79EFBC}") = "MB.WinBase.Extend", "MB.WinBase.Extend\MB.WinBase.Extend.csproj", "{6D71AA44-B1DF-4DD6-94F4-5375ACEAADAE}"
EndProject
Project("{FAE04EC0-301F-11D3-BF4B-00C04F79EFBC}") = "MB.Orm.Test", "MB.Orm.Test\MB.Orm.Test.csproj", "{3888B6EE-B04A-43C7-9D0E-0014762C4352}"
EndProject
Project("{FAE04EC0-301F-11D3-BF4B-00C04F79EFBC}") = "MB.RuleBase.Test", "MB.RuleBase.Test\MB.RuleBase.Test.csproj", "{9DA8ADB9-8ABF-4903-A7FF-BDF3C5CDD3B1}"
EndProject
Project("{FAE04EC0-301F-11D3-BF4B-00C04F79EFBC}") = "MB.Util.Test", "MB.Util.Test\MB.Util.Test.csproj", "{1D2F7954-AA6F-46D4-9398-66446FD61CD6}"
EndProject
Project("{FAE04EC0-301F-11D3-BF4B-00C04F79EFBC}") = "MB.WinBase.Test", "MB.WinBase.Test\MB.WinBase.Test.csproj", "{AD3F2F00-0853-4F99-B51F-953113A7A409}"
EndProject
Project("{FAE04EC0-301F-11D3-BF4B-00C04F79EFBC}") = "MB.WinChart.Test", "MB.WinChart.Test\MB.WinChart.Test.csproj", "{DA18D40E-7F5E-4AF2-85DE-7176B8BD7F0D}"
EndProject
Project("{FAE04EC0-301F-11D3-BF4B-00C04F79EFBC}") = "MB.WinClientDefault.Test", "MB.WinClientDefault.Test\MB.WinClientDefault.Test.csproj", "{A1411D07-7007-4B67-8732-66F032336FBA}"
EndProject
Project("{FAE04EC0-301F-11D3-BF4B-00C04F79EFBC}") = "MB.XWinLib.Test", "MB.XWinLib.Test\MB.XWinLib.Test.csproj", "{78419005-0BD6-4C40-B232-7372D5EC5AF5}"
EndProject
Project("{FAE04EC0-301F-11D3-BF4B-00C04F79EFBC}") = "MyCredential", "MyCredential\MyCredential.csproj", "{1AA19A96-5BCA-4FFD-A4EE-6329E9E7DB25}"
EndProject
Project("{FAE04EC0-301F-11D3-BF4B-00C04F79EFBC}") = "MB.WcfServiceLocator.Test", "MB.WcfServiceLocator.Test\MB.WcfServiceLocator.Test.csproj", "{C6593784-E1A5-47DB-99F6-698A41A4D26D}"
EndProject
Project("{FAE04EC0-301F-11D3-BF4B-00C04F79EFBC}") = "MB.WinOfficeAutomation", "MB.WinOfficeAutomation\MB.WinOfficeAutomation.csproj", "{D9F1E2E3-4960-4064-B091-66440DBE90C6}"
EndProject
Project("{FAE04EC0-301F-11D3-BF4B-00C04F79EFBC}") = "MB.WinDxChart", "MB.WinDxChart\MB.WinDxChart.csproj", "{1CE5BC1C-8662-4A1E-9D7A-0AEBF280E6D3}"
EndProject
Global
	GlobalSection(PowerDesigner) = preSolution
		HasSWS = 1
	EndGlobalSection
	GlobalSection(SolutionConfigurationPlatforms) = preSolution
		Debug|Any CPU = Debug|Any CPU
		Debug|Mixed Platforms = Debug|Mixed Platforms
		Debug|x86 = Debug|x86
		Release|Any CPU = Release|Any CPU
		Release|Mixed Platforms = Release|Mixed Platforms
		Release|x86 = Release|x86
	EndGlobalSection
	GlobalSection(ProjectConfigurationPlatforms) = postSolution
		{C69057E7-BEF9-4618-8FAA-B9E9D6B069B0}.Debug|Any CPU.ActiveCfg = Debug|Any CPU
		{C69057E7-BEF9-4618-8FAA-B9E9D6B069B0}.Debug|Any CPU.Build.0 = Debug|Any CPU
		{C69057E7-BEF9-4618-8FAA-B9E9D6B069B0}.Debug|Mixed Platforms.ActiveCfg = Debug|Any CPU
		{C69057E7-BEF9-4618-8FAA-B9E9D6B069B0}.Debug|Mixed Platforms.Build.0 = Debug|Any CPU
		{C69057E7-BEF9-4618-8FAA-B9E9D6B069B0}.Debug|x86.ActiveCfg = Debug|Any CPU
		{C69057E7-BEF9-4618-8FAA-B9E9D6B069B0}.Release|Any CPU.ActiveCfg = Release|Any CPU
		{C69057E7-BEF9-4618-8FAA-B9E9D6B069B0}.Release|Any CPU.Build.0 = Release|Any CPU
		{C69057E7-BEF9-4618-8FAA-B9E9D6B069B0}.Release|Mixed Platforms.ActiveCfg = Release|Any CPU
		{C69057E7-BEF9-4618-8FAA-B9E9D6B069B0}.Release|Mixed Platforms.Build.0 = Release|Any CPU
		{C69057E7-BEF9-4618-8FAA-B9E9D6B069B0}.Release|x86.ActiveCfg = Release|Any CPU
		{E2BCA5C3-C382-4955-8C82-8C492DBE5D81}.Debug|Any CPU.ActiveCfg = Debug|Any CPU
		{E2BCA5C3-C382-4955-8C82-8C492DBE5D81}.Debug|Any CPU.Build.0 = Debug|Any CPU
		{E2BCA5C3-C382-4955-8C82-8C492DBE5D81}.Debug|Mixed Platforms.ActiveCfg = Debug|Any CPU
		{E2BCA5C3-C382-4955-8C82-8C492DBE5D81}.Debug|Mixed Platforms.Build.0 = Debug|Any CPU
		{E2BCA5C3-C382-4955-8C82-8C492DBE5D81}.Debug|x86.ActiveCfg = Debug|Any CPU
		{E2BCA5C3-C382-4955-8C82-8C492DBE5D81}.Release|Any CPU.ActiveCfg = Release|Any CPU
		{E2BCA5C3-C382-4955-8C82-8C492DBE5D81}.Release|Any CPU.Build.0 = Release|Any CPU
		{E2BCA5C3-C382-4955-8C82-8C492DBE5D81}.Release|Mixed Platforms.ActiveCfg = Release|Any CPU
		{E2BCA5C3-C382-4955-8C82-8C492DBE5D81}.Release|Mixed Platforms.Build.0 = Release|Any CPU
		{E2BCA5C3-C382-4955-8C82-8C492DBE5D81}.Release|x86.ActiveCfg = Release|Any CPU
		{FE88EAB8-F521-4407-9CCF-352FA11E8DFE}.Debug|Any CPU.ActiveCfg = Debug|Any CPU
		{FE88EAB8-F521-4407-9CCF-352FA11E8DFE}.Debug|Any CPU.Build.0 = Debug|Any CPU
		{FE88EAB8-F521-4407-9CCF-352FA11E8DFE}.Debug|Mixed Platforms.ActiveCfg = Debug|Any CPU
		{FE88EAB8-F521-4407-9CCF-352FA11E8DFE}.Debug|Mixed Platforms.Build.0 = Debug|Any CPU
		{FE88EAB8-F521-4407-9CCF-352FA11E8DFE}.Debug|x86.ActiveCfg = Debug|Any CPU
		{FE88EAB8-F521-4407-9CCF-352FA11E8DFE}.Release|Any CPU.ActiveCfg = Release|Any CPU
		{FE88EAB8-F521-4407-9CCF-352FA11E8DFE}.Release|Any CPU.Build.0 = Release|Any CPU
		{FE88EAB8-F521-4407-9CCF-352FA11E8DFE}.Release|Mixed Platforms.ActiveCfg = Release|Any CPU
		{FE88EAB8-F521-4407-9CCF-352FA11E8DFE}.Release|Mixed Platforms.Build.0 = Release|Any CPU
		{FE88EAB8-F521-4407-9CCF-352FA11E8DFE}.Release|x86.ActiveCfg = Release|Any CPU
		{8774D674-2628-4033-B419-A2FD22EE89B7}.Debug|Any CPU.ActiveCfg = Debug|Any CPU
		{8774D674-2628-4033-B419-A2FD22EE89B7}.Debug|Any CPU.Build.0 = Debug|Any CPU
		{8774D674-2628-4033-B419-A2FD22EE89B7}.Debug|Mixed Platforms.ActiveCfg = Debug|Any CPU
		{8774D674-2628-4033-B419-A2FD22EE89B7}.Debug|Mixed Platforms.Build.0 = Debug|Any CPU
		{8774D674-2628-4033-B419-A2FD22EE89B7}.Debug|x86.ActiveCfg = Debug|Any CPU
		{8774D674-2628-4033-B419-A2FD22EE89B7}.Release|Any CPU.ActiveCfg = Release|Any CPU
		{8774D674-2628-4033-B419-A2FD22EE89B7}.Release|Any CPU.Build.0 = Release|Any CPU
		{8774D674-2628-4033-B419-A2FD22EE89B7}.Release|Mixed Platforms.ActiveCfg = Release|Any CPU
		{8774D674-2628-4033-B419-A2FD22EE89B7}.Release|Mixed Platforms.Build.0 = Release|Any CPU
		{8774D674-2628-4033-B419-A2FD22EE89B7}.Release|x86.ActiveCfg = Release|Any CPU
		{BDD9AC94-DE17-423A-B8B5-20E4F2276A96}.Debug|Any CPU.ActiveCfg = Debug|Any CPU
		{BDD9AC94-DE17-423A-B8B5-20E4F2276A96}.Debug|Any CPU.Build.0 = Debug|Any CPU
		{BDD9AC94-DE17-423A-B8B5-20E4F2276A96}.Debug|Mixed Platforms.ActiveCfg = Debug|Any CPU
		{BDD9AC94-DE17-423A-B8B5-20E4F2276A96}.Debug|Mixed Platforms.Build.0 = Debug|Any CPU
		{BDD9AC94-DE17-423A-B8B5-20E4F2276A96}.Debug|x86.ActiveCfg = Debug|Any CPU
		{BDD9AC94-DE17-423A-B8B5-20E4F2276A96}.Release|Any CPU.ActiveCfg = Release|Any CPU
		{BDD9AC94-DE17-423A-B8B5-20E4F2276A96}.Release|Any CPU.Build.0 = Release|Any CPU
		{BDD9AC94-DE17-423A-B8B5-20E4F2276A96}.Release|Mixed Platforms.ActiveCfg = Release|Any CPU
		{BDD9AC94-DE17-423A-B8B5-20E4F2276A96}.Release|Mixed Platforms.Build.0 = Release|Any CPU
		{BDD9AC94-DE17-423A-B8B5-20E4F2276A96}.Release|x86.ActiveCfg = Release|Any CPU
		{81FE14D0-DA11-472F-AAE6-489A4239A9B9}.Debug|Any CPU.ActiveCfg = Debug|Any CPU
		{81FE14D0-DA11-472F-AAE6-489A4239A9B9}.Debug|Any CPU.Build.0 = Debug|Any CPU
		{81FE14D0-DA11-472F-AAE6-489A4239A9B9}.Debug|Mixed Platforms.ActiveCfg = Debug|Any CPU
		{81FE14D0-DA11-472F-AAE6-489A4239A9B9}.Debug|Mixed Platforms.Build.0 = Debug|Any CPU
		{81FE14D0-DA11-472F-AAE6-489A4239A9B9}.Debug|x86.ActiveCfg = Debug|Any CPU
		{81FE14D0-DA11-472F-AAE6-489A4239A9B9}.Release|Any CPU.ActiveCfg = Release|Any CPU
		{81FE14D0-DA11-472F-AAE6-489A4239A9B9}.Release|Any CPU.Build.0 = Release|Any CPU
		{81FE14D0-DA11-472F-AAE6-489A4239A9B9}.Release|Mixed Platforms.ActiveCfg = Release|Any CPU
		{81FE14D0-DA11-472F-AAE6-489A4239A9B9}.Release|Mixed Platforms.Build.0 = Release|Any CPU
		{81FE14D0-DA11-472F-AAE6-489A4239A9B9}.Release|x86.ActiveCfg = Release|Any CPU
		{136BE8E8-38D6-42AA-8127-D38609758A0B}.Debug|Any CPU.ActiveCfg = Debug|Any CPU
		{136BE8E8-38D6-42AA-8127-D38609758A0B}.Debug|Any CPU.Build.0 = Debug|Any CPU
		{136BE8E8-38D6-42AA-8127-D38609758A0B}.Debug|Mixed Platforms.ActiveCfg = Debug|Any CPU
		{136BE8E8-38D6-42AA-8127-D38609758A0B}.Debug|Mixed Platforms.Build.0 = Debug|Any CPU
		{136BE8E8-38D6-42AA-8127-D38609758A0B}.Debug|x86.ActiveCfg = Debug|Any CPU
		{136BE8E8-38D6-42AA-8127-D38609758A0B}.Release|Any CPU.ActiveCfg = Release|Any CPU
		{136BE8E8-38D6-42AA-8127-D38609758A0B}.Release|Any CPU.Build.0 = Release|Any CPU
		{136BE8E8-38D6-42AA-8127-D38609758A0B}.Release|Mixed Platforms.ActiveCfg = Release|Any CPU
		{136BE8E8-38D6-42AA-8127-D38609758A0B}.Release|Mixed Platforms.Build.0 = Release|Any CPU
		{136BE8E8-38D6-42AA-8127-D38609758A0B}.Release|x86.ActiveCfg = Release|Any CPU
		{8F5D42A6-5E4E-4322-9DD8-CC367952F47B}.Debug|Any CPU.ActiveCfg = Debug|Any CPU
		{8F5D42A6-5E4E-4322-9DD8-CC367952F47B}.Debug|Mixed Platforms.ActiveCfg = Debug|Any CPU
		{8F5D42A6-5E4E-4322-9DD8-CC367952F47B}.Debug|x86.ActiveCfg = Debug|Any CPU
		{8F5D42A6-5E4E-4322-9DD8-CC367952F47B}.Release|Any CPU.ActiveCfg = Release|Any CPU
		{8F5D42A6-5E4E-4322-9DD8-CC367952F47B}.Release|Mixed Platforms.ActiveCfg = Release|Any CPU
		{8F5D42A6-5E4E-4322-9DD8-CC367952F47B}.Release|x86.ActiveCfg = Release|Any CPU
		{47C942CD-B0DC-4341-9618-87184DAC570C}.Debug|Any CPU.ActiveCfg = Debug|Any CPU
		{47C942CD-B0DC-4341-9618-87184DAC570C}.Debug|Any CPU.Build.0 = Debug|Any CPU
		{47C942CD-B0DC-4341-9618-87184DAC570C}.Debug|Mixed Platforms.ActiveCfg = Debug|Any CPU
		{47C942CD-B0DC-4341-9618-87184DAC570C}.Debug|Mixed Platforms.Build.0 = Debug|Any CPU
		{47C942CD-B0DC-4341-9618-87184DAC570C}.Debug|x86.ActiveCfg = Debug|Any CPU
		{47C942CD-B0DC-4341-9618-87184DAC570C}.Release|Any CPU.ActiveCfg = Release|Any CPU
		{47C942CD-B0DC-4341-9618-87184DAC570C}.Release|Any CPU.Build.0 = Release|Any CPU
		{47C942CD-B0DC-4341-9618-87184DAC570C}.Release|Mixed Platforms.ActiveCfg = Release|Any CPU
		{47C942CD-B0DC-4341-9618-87184DAC570C}.Release|Mixed Platforms.Build.0 = Release|Any CPU
		{47C942CD-B0DC-4341-9618-87184DAC570C}.Release|x86.ActiveCfg = Release|Any CPU
		{95A17FA0-73CE-4CDF-92D1-D86AAEBCB8C8}.Debug|Any CPU.ActiveCfg = Debug|Any CPU
		{95A17FA0-73CE-4CDF-92D1-D86AAEBCB8C8}.Debug|Any CPU.Build.0 = Debug|Any CPU
		{95A17FA0-73CE-4CDF-92D1-D86AAEBCB8C8}.Debug|Mixed Platforms.ActiveCfg = Debug|Any CPU
		{95A17FA0-73CE-4CDF-92D1-D86AAEBCB8C8}.Debug|Mixed Platforms.Build.0 = Debug|Any CPU
		{95A17FA0-73CE-4CDF-92D1-D86AAEBCB8C8}.Debug|x86.ActiveCfg = Debug|Any CPU
		{95A17FA0-73CE-4CDF-92D1-D86AAEBCB8C8}.Release|Any CPU.ActiveCfg = Release|Any CPU
		{95A17FA0-73CE-4CDF-92D1-D86AAEBCB8C8}.Release|Any CPU.Build.0 = Release|Any CPU
		{95A17FA0-73CE-4CDF-92D1-D86AAEBCB8C8}.Release|Mixed Platforms.ActiveCfg = Release|Any CPU
		{95A17FA0-73CE-4CDF-92D1-D86AAEBCB8C8}.Release|Mixed Platforms.Build.0 = Release|Any CPU
		{95A17FA0-73CE-4CDF-92D1-D86AAEBCB8C8}.Release|x86.ActiveCfg = Release|Any CPU
		{240CAE7B-156E-43F4-BE31-396570725F00}.Debug|Any CPU.ActiveCfg = Debug|Any CPU
		{240CAE7B-156E-43F4-BE31-396570725F00}.Debug|Any CPU.Build.0 = Debug|Any CPU
		{240CAE7B-156E-43F4-BE31-396570725F00}.Debug|Mixed Platforms.ActiveCfg = Debug|Any CPU
		{240CAE7B-156E-43F4-BE31-396570725F00}.Debug|Mixed Platforms.Build.0 = Debug|Any CPU
		{240CAE7B-156E-43F4-BE31-396570725F00}.Debug|x86.ActiveCfg = Debug|Any CPU
		{240CAE7B-156E-43F4-BE31-396570725F00}.Release|Any CPU.ActiveCfg = Release|Any CPU
		{240CAE7B-156E-43F4-BE31-396570725F00}.Release|Any CPU.Build.0 = Release|Any CPU
		{240CAE7B-156E-43F4-BE31-396570725F00}.Release|Mixed Platforms.ActiveCfg = Release|Any CPU
		{240CAE7B-156E-43F4-BE31-396570725F00}.Release|Mixed Platforms.Build.0 = Release|Any CPU
		{240CAE7B-156E-43F4-BE31-396570725F00}.Release|x86.ActiveCfg = Release|Any CPU
		{27A7888C-BC3D-4D89-888A-33FB898DAA2B}.Debug|Any CPU.ActiveCfg = Debug|Any CPU
		{27A7888C-BC3D-4D89-888A-33FB898DAA2B}.Debug|Any CPU.Build.0 = Debug|Any CPU
		{27A7888C-BC3D-4D89-888A-33FB898DAA2B}.Debug|Mixed Platforms.ActiveCfg = Debug|Any CPU
		{27A7888C-BC3D-4D89-888A-33FB898DAA2B}.Debug|Mixed Platforms.Build.0 = Debug|Any CPU
		{27A7888C-BC3D-4D89-888A-33FB898DAA2B}.Debug|x86.ActiveCfg = Debug|Any CPU
		{27A7888C-BC3D-4D89-888A-33FB898DAA2B}.Release|Any CPU.ActiveCfg = Release|Any CPU
		{27A7888C-BC3D-4D89-888A-33FB898DAA2B}.Release|Any CPU.Build.0 = Release|Any CPU
		{27A7888C-BC3D-4D89-888A-33FB898DAA2B}.Release|Mixed Platforms.ActiveCfg = Release|Any CPU
		{27A7888C-BC3D-4D89-888A-33FB898DAA2B}.Release|Mixed Platforms.Build.0 = Release|Any CPU
		{27A7888C-BC3D-4D89-888A-33FB898DAA2B}.Release|x86.ActiveCfg = Release|Any CPU
		{8B0A81C0-617B-44BC-8D84-6DF96D89094D}.Debug|Any CPU.ActiveCfg = Debug|Any CPU
		{8B0A81C0-617B-44BC-8D84-6DF96D89094D}.Debug|Any CPU.Build.0 = Debug|Any CPU
		{8B0A81C0-617B-44BC-8D84-6DF96D89094D}.Debug|Mixed Platforms.ActiveCfg = Debug|Any CPU
		{8B0A81C0-617B-44BC-8D84-6DF96D89094D}.Debug|Mixed Platforms.Build.0 = Debug|Any CPU
		{8B0A81C0-617B-44BC-8D84-6DF96D89094D}.Debug|x86.ActiveCfg = Debug|Any CPU
		{8B0A81C0-617B-44BC-8D84-6DF96D89094D}.Release|Any CPU.ActiveCfg = Release|Any CPU
		{8B0A81C0-617B-44BC-8D84-6DF96D89094D}.Release|Any CPU.Build.0 = Release|Any CPU
		{8B0A81C0-617B-44BC-8D84-6DF96D89094D}.Release|Mixed Platforms.ActiveCfg = Release|Any CPU
		{8B0A81C0-617B-44BC-8D84-6DF96D89094D}.Release|Mixed Platforms.Build.0 = Release|Any CPU
		{8B0A81C0-617B-44BC-8D84-6DF96D89094D}.Release|x86.ActiveCfg = Release|Any CPU
		{50D3D4A1-6778-42F1-B868-CF929F698115}.Debug|Any CPU.ActiveCfg = Debug|Any CPU
		{50D3D4A1-6778-42F1-B868-CF929F698115}.Debug|Any CPU.Build.0 = Debug|Any CPU
		{50D3D4A1-6778-42F1-B868-CF929F698115}.Debug|Mixed Platforms.ActiveCfg = Debug|Any CPU
		{50D3D4A1-6778-42F1-B868-CF929F698115}.Debug|Mixed Platforms.Build.0 = Debug|Any CPU
		{50D3D4A1-6778-42F1-B868-CF929F698115}.Debug|x86.ActiveCfg = Debug|Any CPU
		{50D3D4A1-6778-42F1-B868-CF929F698115}.Release|Any CPU.ActiveCfg = Release|Any CPU
		{50D3D4A1-6778-42F1-B868-CF929F698115}.Release|Any CPU.Build.0 = Release|Any CPU
		{50D3D4A1-6778-42F1-B868-CF929F698115}.Release|Mixed Platforms.ActiveCfg = Release|Any CPU
		{50D3D4A1-6778-42F1-B868-CF929F698115}.Release|Mixed Platforms.Build.0 = Release|Any CPU
		{50D3D4A1-6778-42F1-B868-CF929F698115}.Release|x86.ActiveCfg = Release|Any CPU
		{E33F16E0-021E-40A9-84DC-2631F743EE79}.Debug|Any CPU.ActiveCfg = Debug|Any CPU
		{E33F16E0-021E-40A9-84DC-2631F743EE79}.Debug|Any CPU.Build.0 = Debug|Any CPU
		{E33F16E0-021E-40A9-84DC-2631F743EE79}.Debug|Mixed Platforms.ActiveCfg = Debug|Any CPU
		{E33F16E0-021E-40A9-84DC-2631F743EE79}.Debug|Mixed Platforms.Build.0 = Debug|Any CPU
		{E33F16E0-021E-40A9-84DC-2631F743EE79}.Debug|x86.ActiveCfg = Debug|Any CPU
		{E33F16E0-021E-40A9-84DC-2631F743EE79}.Release|Any CPU.ActiveCfg = Release|Any CPU
		{E33F16E0-021E-40A9-84DC-2631F743EE79}.Release|Any CPU.Build.0 = Release|Any CPU
		{E33F16E0-021E-40A9-84DC-2631F743EE79}.Release|Mixed Platforms.ActiveCfg = Release|Any CPU
		{E33F16E0-021E-40A9-84DC-2631F743EE79}.Release|Mixed Platforms.Build.0 = Release|Any CPU
		{E33F16E0-021E-40A9-84DC-2631F743EE79}.Release|x86.ActiveCfg = Release|Any CPU
		{07296DE9-CCDE-4497-BF02-4AFD1AC64B97}.Debug|Any CPU.ActiveCfg = Debug|Any CPU
		{07296DE9-CCDE-4497-BF02-4AFD1AC64B97}.Debug|Any CPU.Build.0 = Debug|Any CPU
		{07296DE9-CCDE-4497-BF02-4AFD1AC64B97}.Debug|Mixed Platforms.ActiveCfg = Debug|Any CPU
		{07296DE9-CCDE-4497-BF02-4AFD1AC64B97}.Debug|Mixed Platforms.Build.0 = Debug|Any CPU
		{07296DE9-CCDE-4497-BF02-4AFD1AC64B97}.Debug|x86.ActiveCfg = Debug|Any CPU
		{07296DE9-CCDE-4497-BF02-4AFD1AC64B97}.Release|Any CPU.ActiveCfg = Release|Any CPU
		{07296DE9-CCDE-4497-BF02-4AFD1AC64B97}.Release|Any CPU.Build.0 = Release|Any CPU
		{07296DE9-CCDE-4497-BF02-4AFD1AC64B97}.Release|Mixed Platforms.ActiveCfg = Release|Any CPU
		{07296DE9-CCDE-4497-BF02-4AFD1AC64B97}.Release|Mixed Platforms.Build.0 = Release|Any CPU
		{07296DE9-CCDE-4497-BF02-4AFD1AC64B97}.Release|x86.ActiveCfg = Release|Any CPU
		{B09BA5C7-8A58-466D-8287-BE0712CEC8F6}.Debug|Any CPU.ActiveCfg = Debug|Any CPU
		{B09BA5C7-8A58-466D-8287-BE0712CEC8F6}.Debug|Any CPU.Build.0 = Debug|Any CPU
		{B09BA5C7-8A58-466D-8287-BE0712CEC8F6}.Debug|Mixed Platforms.ActiveCfg = Debug|Any CPU
		{B09BA5C7-8A58-466D-8287-BE0712CEC8F6}.Debug|Mixed Platforms.Build.0 = Debug|Any CPU
		{B09BA5C7-8A58-466D-8287-BE0712CEC8F6}.Debug|x86.ActiveCfg = Debug|Any CPU
		{B09BA5C7-8A58-466D-8287-BE0712CEC8F6}.Release|Any CPU.ActiveCfg = Release|Any CPU
		{B09BA5C7-8A58-466D-8287-BE0712CEC8F6}.Release|Any CPU.Build.0 = Release|Any CPU
		{B09BA5C7-8A58-466D-8287-BE0712CEC8F6}.Release|Mixed Platforms.ActiveCfg = Release|Any CPU
		{B09BA5C7-8A58-466D-8287-BE0712CEC8F6}.Release|Mixed Platforms.Build.0 = Release|Any CPU
		{B09BA5C7-8A58-466D-8287-BE0712CEC8F6}.Release|x86.ActiveCfg = Release|Any CPU
		{5895E74D-141F-4487-951B-A4F11DF45D34}.Debug|Any CPU.ActiveCfg = Debug|Any CPU
		{5895E74D-141F-4487-951B-A4F11DF45D34}.Debug|Any CPU.Build.0 = Debug|Any CPU
		{5895E74D-141F-4487-951B-A4F11DF45D34}.Debug|Mixed Platforms.ActiveCfg = Debug|Any CPU
		{5895E74D-141F-4487-951B-A4F11DF45D34}.Debug|Mixed Platforms.Build.0 = Debug|Any CPU
		{5895E74D-141F-4487-951B-A4F11DF45D34}.Debug|x86.ActiveCfg = Debug|Any CPU
		{5895E74D-141F-4487-951B-A4F11DF45D34}.Release|Any CPU.ActiveCfg = Release|Any CPU
		{5895E74D-141F-4487-951B-A4F11DF45D34}.Release|Any CPU.Build.0 = Release|Any CPU
		{5895E74D-141F-4487-951B-A4F11DF45D34}.Release|Mixed Platforms.ActiveCfg = Release|Any CPU
		{5895E74D-141F-4487-951B-A4F11DF45D34}.Release|Mixed Platforms.Build.0 = Release|Any CPU
		{5895E74D-141F-4487-951B-A4F11DF45D34}.Release|x86.ActiveCfg = Release|Any CPU
		{3B54CF99-951A-4EF6-8074-723572B6DCB5}.Debug|Any CPU.ActiveCfg = Debug|x86
		{3B54CF99-951A-4EF6-8074-723572B6DCB5}.Debug|Mixed Platforms.ActiveCfg = Debug|x86
		{3B54CF99-951A-4EF6-8074-723572B6DCB5}.Debug|x86.ActiveCfg = Debug|x86
		{3B54CF99-951A-4EF6-8074-723572B6DCB5}.Debug|x86.Build.0 = Debug|x86
		{3B54CF99-951A-4EF6-8074-723572B6DCB5}.Release|Any CPU.ActiveCfg = Release|x86
		{3B54CF99-951A-4EF6-8074-723572B6DCB5}.Release|Mixed Platforms.ActiveCfg = Release|x86
		{3B54CF99-951A-4EF6-8074-723572B6DCB5}.Release|x86.ActiveCfg = Release|x86
		{3B54CF99-951A-4EF6-8074-723572B6DCB5}.Release|x86.Build.0 = Release|x86
		{C57FE37D-6869-4BCB-91E6-01D8F3333BC5}.Debug|Any CPU.ActiveCfg = Debug|x86
		{C57FE37D-6869-4BCB-91E6-01D8F3333BC5}.Debug|Mixed Platforms.ActiveCfg = Debug|x86
		{C57FE37D-6869-4BCB-91E6-01D8F3333BC5}.Debug|x86.ActiveCfg = Debug|x86
		{C57FE37D-6869-4BCB-91E6-01D8F3333BC5}.Debug|x86.Build.0 = Debug|x86
		{C57FE37D-6869-4BCB-91E6-01D8F3333BC5}.Release|Any CPU.ActiveCfg = Release|x86
		{C57FE37D-6869-4BCB-91E6-01D8F3333BC5}.Release|Mixed Platforms.ActiveCfg = Release|x86
		{C57FE37D-6869-4BCB-91E6-01D8F3333BC5}.Release|x86.ActiveCfg = Release|x86
		{C57FE37D-6869-4BCB-91E6-01D8F3333BC5}.Release|x86.Build.0 = Release|x86
		{F3E331EB-F0E5-4BA4-B4EC-AA21AA6EE907}.Debug|Any CPU.ActiveCfg = Debug|x86
		{F3E331EB-F0E5-4BA4-B4EC-AA21AA6EE907}.Debug|Mixed Platforms.ActiveCfg = Debug|x86
		{F3E331EB-F0E5-4BA4-B4EC-AA21AA6EE907}.Debug|x86.ActiveCfg = Debug|x86
		{F3E331EB-F0E5-4BA4-B4EC-AA21AA6EE907}.Debug|x86.Build.0 = Debug|x86
		{F3E331EB-F0E5-4BA4-B4EC-AA21AA6EE907}.Release|Any CPU.ActiveCfg = Release|x86
		{F3E331EB-F0E5-4BA4-B4EC-AA21AA6EE907}.Release|Mixed Platforms.ActiveCfg = Release|x86
		{F3E331EB-F0E5-4BA4-B4EC-AA21AA6EE907}.Release|x86.ActiveCfg = Release|x86
		{F3E331EB-F0E5-4BA4-B4EC-AA21AA6EE907}.Release|x86.Build.0 = Release|x86
		{776ECF5A-84BF-4A7B-BD74-E2C7222B944A}.Debug|Any CPU.ActiveCfg = Debug|Any CPU
		{776ECF5A-84BF-4A7B-BD74-E2C7222B944A}.Debug|Any CPU.Build.0 = Debug|Any CPU
		{776ECF5A-84BF-4A7B-BD74-E2C7222B944A}.Debug|Mixed Platforms.ActiveCfg = Debug|Any CPU
		{776ECF5A-84BF-4A7B-BD74-E2C7222B944A}.Debug|Mixed Platforms.Build.0 = Debug|Any CPU
		{776ECF5A-84BF-4A7B-BD74-E2C7222B944A}.Debug|x86.ActiveCfg = Debug|Any CPU
		{776ECF5A-84BF-4A7B-BD74-E2C7222B944A}.Release|Any CPU.ActiveCfg = Release|Any CPU
		{776ECF5A-84BF-4A7B-BD74-E2C7222B944A}.Release|Any CPU.Build.0 = Release|Any CPU
		{776ECF5A-84BF-4A7B-BD74-E2C7222B944A}.Release|Mixed Platforms.ActiveCfg = Release|Any CPU
		{776ECF5A-84BF-4A7B-BD74-E2C7222B944A}.Release|Mixed Platforms.Build.0 = Release|Any CPU
		{776ECF5A-84BF-4A7B-BD74-E2C7222B944A}.Release|x86.ActiveCfg = Release|Any CPU
		{E9D5DAC1-9639-4B2C-80C3-0D7249887C88}.Debug|Any CPU.ActiveCfg = Debug|x86
		{E9D5DAC1-9639-4B2C-80C3-0D7249887C88}.Debug|Mixed Platforms.ActiveCfg = Debug|x86
		{E9D5DAC1-9639-4B2C-80C3-0D7249887C88}.Debug|x86.ActiveCfg = Debug|x86
		{E9D5DAC1-9639-4B2C-80C3-0D7249887C88}.Debug|x86.Build.0 = Debug|x86
		{E9D5DAC1-9639-4B2C-80C3-0D7249887C88}.Release|Any CPU.ActiveCfg = Release|x86
		{E9D5DAC1-9639-4B2C-80C3-0D7249887C88}.Release|Mixed Platforms.ActiveCfg = Release|x86
		{E9D5DAC1-9639-4B2C-80C3-0D7249887C88}.Release|x86.ActiveCfg = Release|x86
		{E9D5DAC1-9639-4B2C-80C3-0D7249887C88}.Release|x86.Build.0 = Release|x86
		{62672F93-54D5-4A66-B8F9-FA764CB1999F}.Debug|Any CPU.ActiveCfg = Debug|Any CPU
		{62672F93-54D5-4A66-B8F9-FA764CB1999F}.Debug|Any CPU.Build.0 = Debug|Any CPU
		{62672F93-54D5-4A66-B8F9-FA764CB1999F}.Debug|Mixed Platforms.ActiveCfg = Debug|Any CPU
		{62672F93-54D5-4A66-B8F9-FA764CB1999F}.Debug|x86.ActiveCfg = Debug|Any CPU
		{62672F93-54D5-4A66-B8F9-FA764CB1999F}.Release|Any CPU.ActiveCfg = Release|Any CPU
		{62672F93-54D5-4A66-B8F9-FA764CB1999F}.Release|Any CPU.Build.0 = Release|Any CPU
		{62672F93-54D5-4A66-B8F9-FA764CB1999F}.Release|Mixed Platforms.ActiveCfg = Release|Any CPU
		{62672F93-54D5-4A66-B8F9-FA764CB1999F}.Release|Mixed Platforms.Build.0 = Release|Any CPU
		{62672F93-54D5-4A66-B8F9-FA764CB1999F}.Release|x86.ActiveCfg = Release|Any CPU
		{18818BA7-E44E-4D5B-A7CC-37E004465BF2}.Debug|Any CPU.ActiveCfg = Debug|x86
		{18818BA7-E44E-4D5B-A7CC-37E004465BF2}.Debug|Mixed Platforms.ActiveCfg = Debug|x86
		{18818BA7-E44E-4D5B-A7CC-37E004465BF2}.Debug|x86.ActiveCfg = Debug|x86
		{18818BA7-E44E-4D5B-A7CC-37E004465BF2}.Debug|x86.Build.0 = Debug|x86
		{18818BA7-E44E-4D5B-A7CC-37E004465BF2}.Release|Any CPU.ActiveCfg = Release|x86
		{18818BA7-E44E-4D5B-A7CC-37E004465BF2}.Release|Mixed Platforms.ActiveCfg = Release|x86
		{18818BA7-E44E-4D5B-A7CC-37E004465BF2}.Release|Mixed Platforms.Build.0 = Release|x86
		{18818BA7-E44E-4D5B-A7CC-37E004465BF2}.Release|x86.ActiveCfg = Release|x86
		{18818BA7-E44E-4D5B-A7CC-37E004465BF2}.Release|x86.Build.0 = Release|x86
		{6D71AA44-B1DF-4DD6-94F4-5375ACEAADAE}.Debug|Any CPU.ActiveCfg = Debug|Any CPU
		{6D71AA44-B1DF-4DD6-94F4-5375ACEAADAE}.Debug|Any CPU.Build.0 = Debug|Any CPU
		{6D71AA44-B1DF-4DD6-94F4-5375ACEAADAE}.Debug|Mixed Platforms.ActiveCfg = Debug|Any CPU
		{6D71AA44-B1DF-4DD6-94F4-5375ACEAADAE}.Debug|Mixed Platforms.Build.0 = Debug|Any CPU
		{6D71AA44-B1DF-4DD6-94F4-5375ACEAADAE}.Debug|x86.ActiveCfg = Debug|Any CPU
		{6D71AA44-B1DF-4DD6-94F4-5375ACEAADAE}.Release|Any CPU.ActiveCfg = Release|Any CPU
		{6D71AA44-B1DF-4DD6-94F4-5375ACEAADAE}.Release|Any CPU.Build.0 = Release|Any CPU
		{6D71AA44-B1DF-4DD6-94F4-5375ACEAADAE}.Release|Mixed Platforms.ActiveCfg = Release|Any CPU
		{6D71AA44-B1DF-4DD6-94F4-5375ACEAADAE}.Release|Mixed Platforms.Build.0 = Release|Any CPU
		{6D71AA44-B1DF-4DD6-94F4-5375ACEAADAE}.Release|x86.ActiveCfg = Release|Any CPU
		{3888B6EE-B04A-43C7-9D0E-0014762C4352}.Debug|Any CPU.ActiveCfg = Debug|Any CPU
		{3888B6EE-B04A-43C7-9D0E-0014762C4352}.Debug|Any CPU.Build.0 = Debug|Any CPU
		{3888B6EE-B04A-43C7-9D0E-0014762C4352}.Debug|Mixed Platforms.ActiveCfg = Debug|Any CPU
		{3888B6EE-B04A-43C7-9D0E-0014762C4352}.Debug|Mixed Platforms.Build.0 = Debug|Any CPU
		{3888B6EE-B04A-43C7-9D0E-0014762C4352}.Debug|x86.ActiveCfg = Debug|Any CPU
		{3888B6EE-B04A-43C7-9D0E-0014762C4352}.Release|Any CPU.ActiveCfg = Release|Any CPU
		{3888B6EE-B04A-43C7-9D0E-0014762C4352}.Release|Any CPU.Build.0 = Release|Any CPU
		{3888B6EE-B04A-43C7-9D0E-0014762C4352}.Release|Mixed Platforms.ActiveCfg = Release|Any CPU
		{3888B6EE-B04A-43C7-9D0E-0014762C4352}.Release|Mixed Platforms.Build.0 = Release|Any CPU
		{3888B6EE-B04A-43C7-9D0E-0014762C4352}.Release|x86.ActiveCfg = Release|Any CPU
		{9DA8ADB9-8ABF-4903-A7FF-BDF3C5CDD3B1}.Debug|Any CPU.ActiveCfg = Debug|Any CPU
		{9DA8ADB9-8ABF-4903-A7FF-BDF3C5CDD3B1}.Debug|Any CPU.Build.0 = Debug|Any CPU
		{9DA8ADB9-8ABF-4903-A7FF-BDF3C5CDD3B1}.Debug|Mixed Platforms.ActiveCfg = Debug|Any CPU
		{9DA8ADB9-8ABF-4903-A7FF-BDF3C5CDD3B1}.Debug|Mixed Platforms.Build.0 = Debug|Any CPU
		{9DA8ADB9-8ABF-4903-A7FF-BDF3C5CDD3B1}.Debug|x86.ActiveCfg = Debug|Any CPU
		{9DA8ADB9-8ABF-4903-A7FF-BDF3C5CDD3B1}.Release|Any CPU.ActiveCfg = Release|Any CPU
		{9DA8ADB9-8ABF-4903-A7FF-BDF3C5CDD3B1}.Release|Any CPU.Build.0 = Release|Any CPU
		{9DA8ADB9-8ABF-4903-A7FF-BDF3C5CDD3B1}.Release|Mixed Platforms.ActiveCfg = Release|Any CPU
		{9DA8ADB9-8ABF-4903-A7FF-BDF3C5CDD3B1}.Release|Mixed Platforms.Build.0 = Release|Any CPU
		{9DA8ADB9-8ABF-4903-A7FF-BDF3C5CDD3B1}.Release|x86.ActiveCfg = Release|Any CPU
		{1D2F7954-AA6F-46D4-9398-66446FD61CD6}.Debug|Any CPU.ActiveCfg = Debug|Any CPU
		{1D2F7954-AA6F-46D4-9398-66446FD61CD6}.Debug|Any CPU.Build.0 = Debug|Any CPU
		{1D2F7954-AA6F-46D4-9398-66446FD61CD6}.Debug|Mixed Platforms.ActiveCfg = Debug|Any CPU
		{1D2F7954-AA6F-46D4-9398-66446FD61CD6}.Debug|Mixed Platforms.Build.0 = Debug|Any CPU
		{1D2F7954-AA6F-46D4-9398-66446FD61CD6}.Debug|x86.ActiveCfg = Debug|Any CPU
		{1D2F7954-AA6F-46D4-9398-66446FD61CD6}.Release|Any CPU.ActiveCfg = Release|Any CPU
		{1D2F7954-AA6F-46D4-9398-66446FD61CD6}.Release|Any CPU.Build.0 = Release|Any CPU
		{1D2F7954-AA6F-46D4-9398-66446FD61CD6}.Release|Mixed Platforms.ActiveCfg = Release|Any CPU
		{1D2F7954-AA6F-46D4-9398-66446FD61CD6}.Release|Mixed Platforms.Build.0 = Release|Any CPU
		{1D2F7954-AA6F-46D4-9398-66446FD61CD6}.Release|x86.ActiveCfg = Release|Any CPU
		{AD3F2F00-0853-4F99-B51F-953113A7A409}.Debug|Any CPU.ActiveCfg = Debug|Any CPU
		{AD3F2F00-0853-4F99-B51F-953113A7A409}.Debug|Any CPU.Build.0 = Debug|Any CPU
		{AD3F2F00-0853-4F99-B51F-953113A7A409}.Debug|Mixed Platforms.ActiveCfg = Debug|Any CPU
		{AD3F2F00-0853-4F99-B51F-953113A7A409}.Debug|Mixed Platforms.Build.0 = Debug|Any CPU
		{AD3F2F00-0853-4F99-B51F-953113A7A409}.Debug|x86.ActiveCfg = Debug|Any CPU
		{AD3F2F00-0853-4F99-B51F-953113A7A409}.Release|Any CPU.ActiveCfg = Release|Any CPU
		{AD3F2F00-0853-4F99-B51F-953113A7A409}.Release|Any CPU.Build.0 = Release|Any CPU
		{AD3F2F00-0853-4F99-B51F-953113A7A409}.Release|Mixed Platforms.ActiveCfg = Release|Any CPU
		{AD3F2F00-0853-4F99-B51F-953113A7A409}.Release|Mixed Platforms.Build.0 = Release|Any CPU
		{AD3F2F00-0853-4F99-B51F-953113A7A409}.Release|x86.ActiveCfg = Release|Any CPU
		{DA18D40E-7F5E-4AF2-85DE-7176B8BD7F0D}.Debug|Any CPU.ActiveCfg = Debug|Any CPU
		{DA18D40E-7F5E-4AF2-85DE-7176B8BD7F0D}.Debug|Any CPU.Build.0 = Debug|Any CPU
		{DA18D40E-7F5E-4AF2-85DE-7176B8BD7F0D}.Debug|Mixed Platforms.ActiveCfg = Debug|Any CPU
		{DA18D40E-7F5E-4AF2-85DE-7176B8BD7F0D}.Debug|Mixed Platforms.Build.0 = Debug|Any CPU
		{DA18D40E-7F5E-4AF2-85DE-7176B8BD7F0D}.Debug|x86.ActiveCfg = Debug|Any CPU
		{DA18D40E-7F5E-4AF2-85DE-7176B8BD7F0D}.Release|Any CPU.ActiveCfg = Release|Any CPU
		{DA18D40E-7F5E-4AF2-85DE-7176B8BD7F0D}.Release|Any CPU.Build.0 = Release|Any CPU
		{DA18D40E-7F5E-4AF2-85DE-7176B8BD7F0D}.Release|Mixed Platforms.ActiveCfg = Release|Any CPU
		{DA18D40E-7F5E-4AF2-85DE-7176B8BD7F0D}.Release|Mixed Platforms.Build.0 = Release|Any CPU
		{DA18D40E-7F5E-4AF2-85DE-7176B8BD7F0D}.Release|x86.ActiveCfg = Release|Any CPU
		{A1411D07-7007-4B67-8732-66F032336FBA}.Debug|Any CPU.ActiveCfg = Debug|Any CPU
		{A1411D07-7007-4B67-8732-66F032336FBA}.Debug|Any CPU.Build.0 = Debug|Any CPU
		{A1411D07-7007-4B67-8732-66F032336FBA}.Debug|Mixed Platforms.ActiveCfg = Debug|Any CPU
		{A1411D07-7007-4B67-8732-66F032336FBA}.Debug|Mixed Platforms.Build.0 = Debug|Any CPU
		{A1411D07-7007-4B67-8732-66F032336FBA}.Debug|x86.ActiveCfg = Debug|Any CPU
		{A1411D07-7007-4B67-8732-66F032336FBA}.Release|Any CPU.ActiveCfg = Release|Any CPU
		{A1411D07-7007-4B67-8732-66F032336FBA}.Release|Any CPU.Build.0 = Release|Any CPU
		{A1411D07-7007-4B67-8732-66F032336FBA}.Release|Mixed Platforms.ActiveCfg = Release|Any CPU
		{A1411D07-7007-4B67-8732-66F032336FBA}.Release|Mixed Platforms.Build.0 = Release|Any CPU
		{A1411D07-7007-4B67-8732-66F032336FBA}.Release|x86.ActiveCfg = Release|Any CPU
		{78419005-0BD6-4C40-B232-7372D5EC5AF5}.Debug|Any CPU.ActiveCfg = Debug|Any CPU
		{78419005-0BD6-4C40-B232-7372D5EC5AF5}.Debug|Any CPU.Build.0 = Debug|Any CPU
		{78419005-0BD6-4C40-B232-7372D5EC5AF5}.Debug|Mixed Platforms.ActiveCfg = Debug|Any CPU
		{78419005-0BD6-4C40-B232-7372D5EC5AF5}.Debug|Mixed Platforms.Build.0 = Debug|Any CPU
		{78419005-0BD6-4C40-B232-7372D5EC5AF5}.Debug|x86.ActiveCfg = Debug|Any CPU
		{78419005-0BD6-4C40-B232-7372D5EC5AF5}.Release|Any CPU.ActiveCfg = Release|Any CPU
		{78419005-0BD6-4C40-B232-7372D5EC5AF5}.Release|Any CPU.Build.0 = Release|Any CPU
		{78419005-0BD6-4C40-B232-7372D5EC5AF5}.Release|Mixed Platforms.ActiveCfg = Release|Any CPU
		{78419005-0BD6-4C40-B232-7372D5EC5AF5}.Release|Mixed Platforms.Build.0 = Release|Any CPU
		{78419005-0BD6-4C40-B232-7372D5EC5AF5}.Release|x86.ActiveCfg = Release|Any CPU
		{1AA19A96-5BCA-4FFD-A4EE-6329E9E7DB25}.Debug|Any CPU.ActiveCfg = Debug|Any CPU
		{1AA19A96-5BCA-4FFD-A4EE-6329E9E7DB25}.Debug|Any CPU.Build.0 = Debug|Any CPU
		{1AA19A96-5BCA-4FFD-A4EE-6329E9E7DB25}.Debug|Mixed Platforms.ActiveCfg = Debug|Any CPU
		{1AA19A96-5BCA-4FFD-A4EE-6329E9E7DB25}.Debug|Mixed Platforms.Build.0 = Debug|Any CPU
		{1AA19A96-5BCA-4FFD-A4EE-6329E9E7DB25}.Debug|x86.ActiveCfg = Debug|Any CPU
		{1AA19A96-5BCA-4FFD-A4EE-6329E9E7DB25}.Release|Any CPU.ActiveCfg = Release|Any CPU
		{1AA19A96-5BCA-4FFD-A4EE-6329E9E7DB25}.Release|Any CPU.Build.0 = Release|Any CPU
		{1AA19A96-5BCA-4FFD-A4EE-6329E9E7DB25}.Release|Mixed Platforms.ActiveCfg = Release|Any CPU
		{1AA19A96-5BCA-4FFD-A4EE-6329E9E7DB25}.Release|Mixed Platforms.Build.0 = Release|Any CPU
		{1AA19A96-5BCA-4FFD-A4EE-6329E9E7DB25}.Release|x86.ActiveCfg = Release|Any CPU
		{C6593784-E1A5-47DB-99F6-698A41A4D26D}.Debug|Any CPU.ActiveCfg = Debug|x86
		{C6593784-E1A5-47DB-99F6-698A41A4D26D}.Debug|Mixed Platforms.ActiveCfg = Debug|x86
		{C6593784-E1A5-47DB-99F6-698A41A4D26D}.Debug|Mixed Platforms.Build.0 = Debug|x86
		{C6593784-E1A5-47DB-99F6-698A41A4D26D}.Debug|x86.ActiveCfg = Debug|x86
		{C6593784-E1A5-47DB-99F6-698A41A4D26D}.Debug|x86.Build.0 = Debug|x86
		{C6593784-E1A5-47DB-99F6-698A41A4D26D}.Release|Any CPU.ActiveCfg = Release|Any CPU
		{C6593784-E1A5-47DB-99F6-698A41A4D26D}.Release|Any CPU.Build.0 = Release|Any CPU
		{C6593784-E1A5-47DB-99F6-698A41A4D26D}.Release|Mixed Platforms.ActiveCfg = Release|x86
		{C6593784-E1A5-47DB-99F6-698A41A4D26D}.Release|Mixed Platforms.Build.0 = Release|x86
		{C6593784-E1A5-47DB-99F6-698A41A4D26D}.Release|x86.ActiveCfg = Release|Any CPU
		{D9F1E2E3-4960-4064-B091-66440DBE90C6}.Debug|Any CPU.ActiveCfg = Debug|Any CPU
		{D9F1E2E3-4960-4064-B091-66440DBE90C6}.Debug|Any CPU.Build.0 = Debug|Any CPU
		{D9F1E2E3-4960-4064-B091-66440DBE90C6}.Debug|Mixed Platforms.ActiveCfg = Debug|Any CPU
		{D9F1E2E3-4960-4064-B091-66440DBE90C6}.Debug|Mixed Platforms.Build.0 = Debug|Any CPU
		{D9F1E2E3-4960-4064-B091-66440DBE90C6}.Debug|x86.ActiveCfg = Debug|Any CPU
		{D9F1E2E3-4960-4064-B091-66440DBE90C6}.Release|Any CPU.ActiveCfg = Release|Any CPU
		{D9F1E2E3-4960-4064-B091-66440DBE90C6}.Release|Any CPU.Build.0 = Release|Any CPU
		{D9F1E2E3-4960-4064-B091-66440DBE90C6}.Release|Mixed Platforms.ActiveCfg = Release|Any CPU
		{D9F1E2E3-4960-4064-B091-66440DBE90C6}.Release|Mixed Platforms.Build.0 = Release|Any CPU
		{D9F1E2E3-4960-4064-B091-66440DBE90C6}.Release|x86.ActiveCfg = Release|Any CPU
		{1CE5BC1C-8662-4A1E-9D7A-0AEBF280E6D3}.Debug|Any CPU.ActiveCfg = Debug|Any CPU
		{1CE5BC1C-8662-4A1E-9D7A-0AEBF280E6D3}.Debug|Any CPU.Build.0 = Debug|Any CPU
		{1CE5BC1C-8662-4A1E-9D7A-0AEBF280E6D3}.Debug|Mixed Platforms.ActiveCfg = Debug|Any CPU
		{1CE5BC1C-8662-4A1E-9D7A-0AEBF280E6D3}.Debug|Mixed Platforms.Build.0 = Debug|Any CPU
		{1CE5BC1C-8662-4A1E-9D7A-0AEBF280E6D3}.Debug|x86.ActiveCfg = Debug|x86
		{1CE5BC1C-8662-4A1E-9D7A-0AEBF280E6D3}.Debug|x86.Build.0 = Debug|x86
		{1CE5BC1C-8662-4A1E-9D7A-0AEBF280E6D3}.Release|Any CPU.ActiveCfg = Release|Any CPU
		{1CE5BC1C-8662-4A1E-9D7A-0AEBF280E6D3}.Release|Any CPU.Build.0 = Release|Any CPU
		{1CE5BC1C-8662-4A1E-9D7A-0AEBF280E6D3}.Release|Mixed Platforms.ActiveCfg = Release|Any CPU
		{1CE5BC1C-8662-4A1E-9D7A-0AEBF280E6D3}.Release|Mixed Platforms.Build.0 = Release|Any CPU
		{1CE5BC1C-8662-4A1E-9D7A-0AEBF280E6D3}.Release|x86.ActiveCfg = Release|x86
		{1CE5BC1C-8662-4A1E-9D7A-0AEBF280E6D3}.Release|x86.Build.0 = Release|x86
	EndGlobalSection
	GlobalSection(SolutionProperties) = preSolution
		HideSolutionNode = FALSE
	EndGlobalSection
	GlobalSection(NestedProjects) = preSolution
		{E2BCA5C3-C382-4955-8C82-8C492DBE5D81} = {EF03DF69-4424-4FFF-88B4-177CA8015E71}
		{8774D674-2628-4033-B419-A2FD22EE89B7} = {EF03DF69-4424-4FFF-88B4-177CA8015E71}
		{95A17FA0-73CE-4CDF-92D1-D86AAEBCB8C8} = {EF03DF69-4424-4FFF-88B4-177CA8015E71}
		{C69057E7-BEF9-4618-8FAA-B9E9D6B069B0} = {EF03DF69-4424-4FFF-88B4-177CA8015E71}
		{5895E74D-141F-4487-951B-A4F11DF45D34} = {EF03DF69-4424-4FFF-88B4-177CA8015E71}
		{776ECF5A-84BF-4A7B-BD74-E2C7222B944A} = {EF03DF69-4424-4FFF-88B4-177CA8015E71}
		{BDD9AC94-DE17-423A-B8B5-20E4F2276A96} = {16AE13E2-AE3F-4CA6-BEF4-4274AB2E2CBC}
		{47C942CD-B0DC-4341-9618-87184DAC570C} = {16AE13E2-AE3F-4CA6-BEF4-4274AB2E2CBC}
		{FE88EAB8-F521-4407-9CCF-352FA11E8DFE} = {16AE13E2-AE3F-4CA6-BEF4-4274AB2E2CBC}
		{62672F93-54D5-4A66-B8F9-FA764CB1999F} = {16AE13E2-AE3F-4CA6-BEF4-4274AB2E2CBC}
		{136BE8E8-38D6-42AA-8127-D38609758A0B} = {7075A029-0B81-4229-8F9E-00F698B9D8A1}
		{240CAE7B-156E-43F4-BE31-396570725F00} = {7075A029-0B81-4229-8F9E-00F698B9D8A1}
		{27A7888C-BC3D-4D89-888A-33FB898DAA2B} = {7075A029-0B81-4229-8F9E-00F698B9D8A1}
		{8B0A81C0-617B-44BC-8D84-6DF96D89094D} = {7075A029-0B81-4229-8F9E-00F698B9D8A1}
		{50D3D4A1-6778-42F1-B868-CF929F698115} = {7075A029-0B81-4229-8F9E-00F698B9D8A1}
		{E33F16E0-021E-40A9-84DC-2631F743EE79} = {7075A029-0B81-4229-8F9E-00F698B9D8A1}
		{07296DE9-CCDE-4497-BF02-4AFD1AC64B97} = {7075A029-0B81-4229-8F9E-00F698B9D8A1}
		{81FE14D0-DA11-472F-AAE6-489A4239A9B9} = {7075A029-0B81-4229-8F9E-00F698B9D8A1}
		{6D71AA44-B1DF-4DD6-94F4-5375ACEAADAE} = {7075A029-0B81-4229-8F9E-00F698B9D8A1}
		{D9F1E2E3-4960-4064-B091-66440DBE90C6} = {7075A029-0B81-4229-8F9E-00F698B9D8A1}
		{1CE5BC1C-8662-4A1E-9D7A-0AEBF280E6D3} = {7075A029-0B81-4229-8F9E-00F698B9D8A1}
		{8F5D42A6-5E4E-4322-9DD8-CC367952F47B} = {88D758DE-F81C-41D2-99A2-10018B393BEC}
		{3B54CF99-951A-4EF6-8074-723572B6DCB5} = {88D758DE-F81C-41D2-99A2-10018B393BEC}
		{C57FE37D-6869-4BCB-91E6-01D8F3333BC5} = {88D758DE-F81C-41D2-99A2-10018B393BEC}
		{F3E331EB-F0E5-4BA4-B4EC-AA21AA6EE907} = {88D758DE-F81C-41D2-99A2-10018B393BEC}
		{E9D5DAC1-9639-4B2C-80C3-0D7249887C88} = {88D758DE-F81C-41D2-99A2-10018B393BEC}
		{18818BA7-E44E-4D5B-A7CC-37E004465BF2} = {88D758DE-F81C-41D2-99A2-10018B393BEC}
		{3888B6EE-B04A-43C7-9D0E-0014762C4352} = {88D758DE-F81C-41D2-99A2-10018B393BEC}
		{9DA8ADB9-8ABF-4903-A7FF-BDF3C5CDD3B1} = {88D758DE-F81C-41D2-99A2-10018B393BEC}
		{1D2F7954-AA6F-46D4-9398-66446FD61CD6} = {88D758DE-F81C-41D2-99A2-10018B393BEC}
		{AD3F2F00-0853-4F99-B51F-953113A7A409} = {88D758DE-F81C-41D2-99A2-10018B393BEC}
		{DA18D40E-7F5E-4AF2-85DE-7176B8BD7F0D} = {88D758DE-F81C-41D2-99A2-10018B393BEC}
		{A1411D07-7007-4B67-8732-66F032336FBA} = {88D758DE-F81C-41D2-99A2-10018B393BEC}
		{78419005-0BD6-4C40-B232-7372D5EC5AF5} = {88D758DE-F81C-41D2-99A2-10018B393BEC}
		{C6593784-E1A5-47DB-99F6-698A41A4D26D} = {88D758DE-F81C-41D2-99A2-10018B393BEC}
		{B09BA5C7-8A58-466D-8287-BE0712CEC8F6} = {3BF12300-A0C4-4DD8-B8EF-582E36A4243F}
		{1AA19A96-5BCA-4FFD-A4EE-6329E9E7DB25} = {3BF12300-A0C4-4DD8-B8EF-582E36A4243F}
	EndGlobalSection
EndGlobal
